
Microsoft Visual Studio Solution File, Format Version 12.00
# Visual Studio Version 17
VisualStudioVersion = 17.14.36310.24 d17.14
MinimumVisualStudioVersion = 10.0.40219.1
Project("{54A90642-561A-4BB1-A94E-469ADEE60C69}") = "rpgcompanion.client", "rpgcompanion.client\rpgcompanion.client.esproj", "{A70BD0AA-7AC3-59E0-D3F2-590F1BF077ED}"
EndProject
Project("{FAE04EC0-301F-11D3-BF4B-00C04F79EFBC}") = "RPGCompanion.Server", "RPGCompanion.Server\RPGCompanion.Server.csproj", "{737A1E2D-0E9D-4A85-A2DA-B0E9F6B333A2}"
EndProject
Global
	GlobalSection(SolutionConfigurationPlatforms) = preSolution
		Debug|Any CPU = Debug|Any CPU
		Release|Any CPU = Release|Any CPU
	EndGlobalSection
	GlobalSection(ProjectConfigurationPlatforms) = postSolution
		{A70BD0AA-7AC3-59E0-D3F2-590F1BF077ED}.Debug|Any CPU.ActiveCfg = Debug|Any CPU
		{A70BD0AA-7AC3-59E0-D3F2-590F1BF077ED}.Debug|Any CPU.Build.0 = Debug|Any CPU
		{A70BD0AA-7AC3-59E0-D3F2-590F1BF077ED}.Debug|Any CPU.Deploy.0 = Debug|Any CPU
		{A70BD0AA-7AC3-59E0-D3F2-590F1BF077ED}.Release|Any CPU.ActiveCfg = Release|Any CPU
		{A70BD0AA-7AC3-59E0-D3F2-590F1BF077ED}.Release|Any CPU.Build.0 = Release|Any CPU
		{A70BD0AA-7AC3-59E0-D3F2-590F1BF077ED}.Release|Any CPU.Deploy.0 = Release|Any CPU
		{737A1E2D-0E9D-4A85-A2DA-B0E9F6B333A2}.Debug|Any CPU.ActiveCfg = Debug|Any CPU
		{737A1E2D-0E9D-4A85-A2DA-B0E9F6B333A2}.Debug|Any CPU.Build.0 = Debug|Any CPU
		{737A1E2D-0E9D-4A85-A2DA-B0E9F6B333A2}.Release|Any CPU.ActiveCfg = Release|Any CPU
		{737A1E2D-0E9D-4A85-A2DA-B0E9F6B333A2}.Release|Any CPU.Build.0 = Release|Any CPU
	EndGlobalSection
	GlobalSection(SolutionProperties) = preSolution
		HideSolutionNode = FALSE
	EndGlobalSection
	GlobalSection(ExtensibilityGlobals) = postSolution
		SolutionGuid = {BBEA0ED0-B2DE-4193-8AA7-D141E68C8CEC}
	EndGlobalSection
EndGlobal
